github.com/go-test/deep v1.0.8 h1:TDsG77qcSprGbC6vTN8OuXp5g+J+b5Pcguhf7Zt61VM=
github.com/go-test/deep v1.0.8/go.mod h1:5C2ZWiW0ErCdrYzpqxLbTX7MG14M9iiw8DgHncVwcsE=
github.com/sethvargo/go-envconfig v0.7.0 h1:P/ljQXSRjgAgsnIripHs53Jg/uNVXu2FYQ9yLSDappA=
github.com/sethvargo/go-envconfig v0.7.0/go.mod h1:00S1FAhRUuTNJazWBWcJGvEHOM+NO6DhoRMAOX7FY5o=
